
Microsoft Visual Studio Solution File, Format Version 12.00
# Visual Studio Express 2012 for Windows Desktop
Project("{FAE04EC0-301F-11D3-BF4B-00C04F79EFBC}") = "ej21", "ej21\ej21.csproj", "{C3353385-50EB-49C9-A262-5E9A851B3003}"
EndProject
Global
	GlobalSection(SolutionConfigurationPlatforms) = preSolution
		Debug|Any CPU = Debug|Any CPU
		Release|Any CPU = Release|Any CPU
	EndGlobalSection
	GlobalSection(ProjectConfigurationPlatforms) = postSolution
		{C3353385-50EB-49C9-A262-5E9A851B3003}.Debug|Any CPU.ActiveCfg = Debug|Any CPU
		{C3353385-50EB-49C9-A262-5E9A851B3003}.Debug|Any CPU.Build.0 = Debug|Any CPU
		{C3353385-50EB-49C9-A262-5E9A851B3003}.Release|Any CPU.ActiveCfg = Release|Any CPU
		{C3353385-50EB-49C9-A262-5E9A851B3003}.Release|Any CPU.Build.0 = Release|Any CPU
	EndGlobalSection
	GlobalSection(SolutionProperties) = preSolution
		HideSolutionNode = FALSE
	EndGlobalSection
EndGlobal
