
Microsoft Visual Studio Solution File, Format Version 12.00
# Visual Studio Express 2012 for Windows Desktop
Project("{FAE04EC0-301F-11D3-BF4B-00C04F79EFBC}") = "Ej01", "ConsoleApplication1\Ej01.csproj", "{7EC19108-74B8-453C-AD1E-C62ECF116C7F}"
EndProject
Project("{FAE04EC0-301F-11D3-BF4B-00C04F79EFBC}") = "Ej02", "Ej02\Ej02.csproj", "{D221A962-0AD3-4476-B54C-F846AD2F76BF}"
EndProject
Project("{FAE04EC0-301F-11D3-BF4B-00C04F79EFBC}") = "Ej03", "Ej03\Ej03.csproj", "{07B28995-9D3F-4D35-8039-3D8A2F5B396D}"
EndProject
Project("{FAE04EC0-301F-11D3-BF4B-00C04F79EFBC}") = "Ej04", "Ej04\Ej04.csproj", "{AD81BE0B-0D8C-4AD5-B194-C186719689B9}"
EndProject
Project("{FAE04EC0-301F-11D3-BF4B-00C04F79EFBC}") = "Ej05", "Ej05\Ej05.csproj", "{4222EBBE-4169-44DB-A1E9-E67C229F6488}"
EndProject
Project("{FAE04EC0-301F-11D3-BF4B-00C04F79EFBC}") = "Ej06", "Ej06\Ej06.csproj", "{CB50E52D-4114-461F-B798-C8D51C73C694}"
EndProject
Project("{FAE04EC0-301F-11D3-BF4B-00C04F79EFBC}") = "Ej07", "Ej07\Ej07.csproj", "{FBA4EE70-E88C-47A6-98B1-5A9AACE37BC7}"
EndProject
Project("{FAE04EC0-301F-11D3-BF4B-00C04F79EFBC}") = "Ej08", "Ej08\Ej08.csproj", "{B7241820-BAE9-451F-ACCD-DE8E1F51E139}"
EndProject
Project("{FAE04EC0-301F-11D3-BF4B-00C04F79EFBC}") = "Ej09", "Ej09\Ej09.csproj", "{EAE445BE-A408-4A36-8A62-56952C171820}"
EndProject
Project("{FAE04EC0-301F-11D3-BF4B-00C04F79EFBC}") = "Ej10", "Ej10\Ej10.csproj", "{876CDA8C-728B-4F2C-A02C-618ECB18177B}"
EndProject
Project("{FAE04EC0-301F-11D3-BF4B-00C04F79EFBC}") = "Ej11", "Ej11\Ej11.csproj", "{2EA0A157-37FA-4254-BFF9-9BE0B5F241F7}"
EndProject
Project("{FAE04EC0-301F-11D3-BF4B-00C04F79EFBC}") = "Ej12", "Ej12\Ej12.csproj", "{2B2CE23A-8A7F-4B1C-9597-57FCC171957A}"
EndProject
Project("{FAE04EC0-301F-11D3-BF4B-00C04F79EFBC}") = "Ej13", "Ej13\Ej13.csproj", "{0071E9D5-1062-419E-A7AE-37014B02E406}"
EndProject
Project("{FAE04EC0-301F-11D3-BF4B-00C04F79EFBC}") = "Ej14", "Ej014\Ej14.csproj", "{88845634-0081-4085-91D9-E93A8A304A42}"
EndProject
Project("{FAE04EC0-301F-11D3-BF4B-00C04F79EFBC}") = "Ej15", "Ej15\Ej15.csproj", "{A26CBFB8-3DEC-40C4-883D-816D933676AD}"
EndProject
Global
	GlobalSection(SolutionConfigurationPlatforms) = preSolution
		Debug|Any CPU = Debug|Any CPU
		Release|Any CPU = Release|Any CPU
	EndGlobalSection
	GlobalSection(ProjectConfigurationPlatforms) = postSolution
		{7EC19108-74B8-453C-AD1E-C62ECF116C7F}.Debug|Any CPU.ActiveCfg = Debug|Any CPU
		{7EC19108-74B8-453C-AD1E-C62ECF116C7F}.Debug|Any CPU.Build.0 = Debug|Any CPU
		{7EC19108-74B8-453C-AD1E-C62ECF116C7F}.Release|Any CPU.ActiveCfg = Release|Any CPU
		{7EC19108-74B8-453C-AD1E-C62ECF116C7F}.Release|Any CPU.Build.0 = Release|Any CPU
		{D221A962-0AD3-4476-B54C-F846AD2F76BF}.Debug|Any CPU.ActiveCfg = Debug|Any CPU
		{D221A962-0AD3-4476-B54C-F846AD2F76BF}.Debug|Any CPU.Build.0 = Debug|Any CPU
		{D221A962-0AD3-4476-B54C-F846AD2F76BF}.Release|Any CPU.ActiveCfg = Release|Any CPU
		{D221A962-0AD3-4476-B54C-F846AD2F76BF}.Release|Any CPU.Build.0 = Release|Any CPU
		{07B28995-9D3F-4D35-8039-3D8A2F5B396D}.Debug|Any CPU.ActiveCfg = Debug|Any CPU
		{07B28995-9D3F-4D35-8039-3D8A2F5B396D}.Debug|Any CPU.Build.0 = Debug|Any CPU
		{07B28995-9D3F-4D35-8039-3D8A2F5B396D}.Release|Any CPU.ActiveCfg = Release|Any CPU
		{07B28995-9D3F-4D35-8039-3D8A2F5B396D}.Release|Any CPU.Build.0 = Release|Any CPU
		{AD81BE0B-0D8C-4AD5-B194-C186719689B9}.Debug|Any CPU.ActiveCfg = Debug|Any CPU
		{AD81BE0B-0D8C-4AD5-B194-C186719689B9}.Debug|Any CPU.Build.0 = Debug|Any CPU
		{AD81BE0B-0D8C-4AD5-B194-C186719689B9}.Release|Any CPU.ActiveCfg = Release|Any CPU
		{AD81BE0B-0D8C-4AD5-B194-C186719689B9}.Release|Any CPU.Build.0 = Release|Any CPU
		{4222EBBE-4169-44DB-A1E9-E67C229F6488}.Debug|Any CPU.ActiveCfg = Debug|Any CPU
		{4222EBBE-4169-44DB-A1E9-E67C229F6488}.Debug|Any CPU.Build.0 = Debug|Any CPU
		{4222EBBE-4169-44DB-A1E9-E67C229F6488}.Release|Any CPU.ActiveCfg = Release|Any CPU
		{4222EBBE-4169-44DB-A1E9-E67C229F6488}.Release|Any CPU.Build.0 = Release|Any CPU
		{CB50E52D-4114-461F-B798-C8D51C73C694}.Debug|Any CPU.ActiveCfg = Debug|Any CPU
		{CB50E52D-4114-461F-B798-C8D51C73C694}.Debug|Any CPU.Build.0 = Debug|Any CPU
		{CB50E52D-4114-461F-B798-C8D51C73C694}.Release|Any CPU.ActiveCfg = Release|Any CPU
		{CB50E52D-4114-461F-B798-C8D51C73C694}.Release|Any CPU.Build.0 = Release|Any CPU
		{FBA4EE70-E88C-47A6-98B1-5A9AACE37BC7}.Debug|Any CPU.ActiveCfg = Debug|Any CPU
		{FBA4EE70-E88C-47A6-98B1-5A9AACE37BC7}.Debug|Any CPU.Build.0 = Debug|Any CPU
		{FBA4EE70-E88C-47A6-98B1-5A9AACE37BC7}.Release|Any CPU.ActiveCfg = Release|Any CPU
		{FBA4EE70-E88C-47A6-98B1-5A9AACE37BC7}.Release|Any CPU.Build.0 = Release|Any CPU
		{B7241820-BAE9-451F-ACCD-DE8E1F51E139}.Debug|Any CPU.ActiveCfg = Debug|Any CPU
		{B7241820-BAE9-451F-ACCD-DE8E1F51E139}.Debug|Any CPU.Build.0 = Debug|Any CPU
		{B7241820-BAE9-451F-ACCD-DE8E1F51E139}.Release|Any CPU.ActiveCfg = Release|Any CPU
		{B7241820-BAE9-451F-ACCD-DE8E1F51E139}.Release|Any CPU.Build.0 = Release|Any CPU
		{EAE445BE-A408-4A36-8A62-56952C171820}.Debug|Any CPU.ActiveCfg = Debug|Any CPU
		{EAE445BE-A408-4A36-8A62-56952C171820}.Debug|Any CPU.Build.0 = Debug|Any CPU
		{EAE445BE-A408-4A36-8A62-56952C171820}.Release|Any CPU.ActiveCfg = Release|Any CPU
		{EAE445BE-A408-4A36-8A62-56952C171820}.Release|Any CPU.Build.0 = Release|Any CPU
		{876CDA8C-728B-4F2C-A02C-618ECB18177B}.Debug|Any CPU.ActiveCfg = Debug|Any CPU
		{876CDA8C-728B-4F2C-A02C-618ECB18177B}.Debug|Any CPU.Build.0 = Debug|Any CPU
		{876CDA8C-728B-4F2C-A02C-618ECB18177B}.Release|Any CPU.ActiveCfg = Release|Any CPU
		{876CDA8C-728B-4F2C-A02C-618ECB18177B}.Release|Any CPU.Build.0 = Release|Any CPU
		{2EA0A157-37FA-4254-BFF9-9BE0B5F241F7}.Debug|Any CPU.ActiveCfg = Debug|Any CPU
		{2EA0A157-37FA-4254-BFF9-9BE0B5F241F7}.Debug|Any CPU.Build.0 = Debug|Any CPU
		{2EA0A157-37FA-4254-BFF9-9BE0B5F241F7}.Release|Any CPU.ActiveCfg = Release|Any CPU
		{2EA0A157-37FA-4254-BFF9-9BE0B5F241F7}.Release|Any CPU.Build.0 = Release|Any CPU
		{2B2CE23A-8A7F-4B1C-9597-57FCC171957A}.Debug|Any CPU.ActiveCfg = Debug|Any CPU
		{2B2CE23A-8A7F-4B1C-9597-57FCC171957A}.Debug|Any CPU.Build.0 = Debug|Any CPU
		{2B2CE23A-8A7F-4B1C-9597-57FCC171957A}.Release|Any CPU.ActiveCfg = Release|Any CPU
		{2B2CE23A-8A7F-4B1C-9597-57FCC171957A}.Release|Any CPU.Build.0 = Release|Any CPU
		{0071E9D5-1062-419E-A7AE-37014B02E406}.Debug|Any CPU.ActiveCfg = Debug|Any CPU
		{0071E9D5-1062-419E-A7AE-37014B02E406}.Debug|Any CPU.Build.0 = Debug|Any CPU
		{0071E9D5-1062-419E-A7AE-37014B02E406}.Release|Any CPU.ActiveCfg = Release|Any CPU
		{0071E9D5-1062-419E-A7AE-37014B02E406}.Release|Any CPU.Build.0 = Release|Any CPU
		{88845634-0081-4085-91D9-E93A8A304A42}.Debug|Any CPU.ActiveCfg = Debug|Any CPU
		{88845634-0081-4085-91D9-E93A8A304A42}.Debug|Any CPU.Build.0 = Debug|Any CPU
		{88845634-0081-4085-91D9-E93A8A304A42}.Release|Any CPU.ActiveCfg = Release|Any CPU
		{88845634-0081-4085-91D9-E93A8A304A42}.Release|Any CPU.Build.0 = Release|Any CPU
		{A26CBFB8-3DEC-40C4-883D-816D933676AD}.Debug|Any CPU.ActiveCfg = Debug|Any CPU
		{A26CBFB8-3DEC-40C4-883D-816D933676AD}.Debug|Any CPU.Build.0 = Debug|Any CPU
		{A26CBFB8-3DEC-40C4-883D-816D933676AD}.Release|Any CPU.ActiveCfg = Release|Any CPU
		{A26CBFB8-3DEC-40C4-883D-816D933676AD}.Release|Any CPU.Build.0 = Release|Any CPU
	EndGlobalSection
	GlobalSection(SolutionProperties) = preSolution
		HideSolutionNode = FALSE
	EndGlobalSection
EndGlobal
